
Microsoft Visual Studio Solution File, Format Version 12.00
# Visual Studio 15
VisualStudioVersion = 15.0.28307.539
MinimumVisualStudioVersion = 10.0.40219.1
Project("{FAE04EC0-301F-11D3-BF4B-00C04F79EFBC}") = "Chip8", "Chip8\Chip8.csproj", "{64B2ECC8-8E80-4413-982C-7B1DDF033E81}"
EndProject
Global
	GlobalSection(SolutionConfigurationPlatforms) = preSolution
		Debug|Any CPU = Debug|Any CPU
		Release|Any CPU = Release|Any CPU
	EndGlobalSection
	GlobalSection(ProjectConfigurationPlatforms) = postSolution
		{64B2ECC8-8E80-4413-982C-7B1DDF033E81}.Debug|Any CPU.ActiveCfg = Debug|Any CPU
		{64B2ECC8-8E80-4413-982C-7B1DDF033E81}.Debug|Any CPU.Build.0 = Debug|Any CPU
		{64B2ECC8-8E80-4413-982C-7B1DDF033E81}.Release|Any CPU.ActiveCfg = Release|Any CPU
		{64B2ECC8-8E80-4413-982C-7B1DDF033E81}.Release|Any CPU.Build.0 = Release|Any CPU
	EndGlobalSection
	GlobalSection(SolutionProperties) = preSolution
		HideSolutionNode = FALSE
	EndGlobalSection
	GlobalSection(ExtensibilityGlobals) = postSolution
		SolutionGuid = {0E0A9E2B-035D-47E1-AB4D-BAA8BB9FB125}
	EndGlobalSection
EndGlobal
